
Microsoft Visual Studio Solution File, Format Version 12.00
# Visual Studio Version 17
VisualStudioVersion = 17.6.33717.318
MinimumVisualStudioVersion = 10.0.40219.1
Project("{9A19103F-16F7-4668-BE54-9A1E7A4F7556}") = "VideoCaptureWPF", "VideoCaptureWPF\VideoCaptureWPF.csproj", "{CE6B9656-FAFE-4DDB-95EA-4EA7AC0220A4}"
EndProject
Global
	GlobalSection(SolutionConfigurationPlatforms) = preSolution
		Debug|Any CPU = Debug|Any CPU
		Release|Any CPU = Release|Any CPU
	EndGlobalSection
	GlobalSection(ProjectConfigurationPlatforms) = postSolution
		{CE6B9656-FAFE-4DDB-95EA-4EA7AC0220A4}.Debug|Any CPU.ActiveCfg = Debug|Any CPU
		{CE6B9656-FAFE-4DDB-95EA-4EA7AC0220A4}.Debug|Any CPU.Build.0 = Debug|Any CPU
		{CE6B9656-FAFE-4DDB-95EA-4EA7AC0220A4}.Release|Any CPU.ActiveCfg = Release|Any CPU
		{CE6B9656-FAFE-4DDB-95EA-4EA7AC0220A4}.Release|Any CPU.Build.0 = Release|Any CPU
	EndGlobalSection
	GlobalSection(SolutionProperties) = preSolution
		HideSolutionNode = FALSE
	EndGlobalSection
	GlobalSection(ExtensibilityGlobals) = postSolution
		SolutionGuid = {A0986F35-184E-4CE8-80FF-5A120E33B66B}
	EndGlobalSection
EndGlobal
