
Microsoft Visual Studio Solution File, Format Version 12.00
# Visual Studio 14
VisualStudioVersion = 14.0.25420.1
MinimumVisualStudioVersion = 10.0.40219.1
Project("{FAE04EC0-301F-11D3-BF4B-00C04F79EFBC}") = "WPFMessageBox", "WPFMessageBox\WPFMessageBox.csproj", "{6F425EFB-7F0D-4530-941C-98533782832F}"
EndProject
Project("{FAE04EC0-301F-11D3-BF4B-00C04F79EFBC}") = "TestWPFMessageBox_WinForms", "WPFMessageBoxTestWinForms\TestWPFMessageBox_WinForms.csproj", "{70AC0C45-9156-4929-BDD1-E379120110FB}"
EndProject
Project("{FAE04EC0-301F-11D3-BF4B-00C04F79EFBC}") = "TestWPFMessageBox_WPF", "WPFMessageBoxTestWPF\TestWPFMessageBox_WPF.csproj", "{96D74DB6-63F9-425D-AC18-88BE200B36B2}"
EndProject
Global
	GlobalSection(SolutionConfigurationPlatforms) = preSolution
		Debug|Any CPU = Debug|Any CPU
		Release|Any CPU = Release|Any CPU
	EndGlobalSection
	GlobalSection(ProjectConfigurationPlatforms) = postSolution
		{6F425EFB-7F0D-4530-941C-98533782832F}.Debug|Any CPU.ActiveCfg = Debug|Any CPU
		{6F425EFB-7F0D-4530-941C-98533782832F}.Debug|Any CPU.Build.0 = Debug|Any CPU
		{6F425EFB-7F0D-4530-941C-98533782832F}.Release|Any CPU.ActiveCfg = Release|Any CPU
		{6F425EFB-7F0D-4530-941C-98533782832F}.Release|Any CPU.Build.0 = Release|Any CPU
		{70AC0C45-9156-4929-BDD1-E379120110FB}.Debug|Any CPU.ActiveCfg = Debug|Any CPU
		{70AC0C45-9156-4929-BDD1-E379120110FB}.Debug|Any CPU.Build.0 = Debug|Any CPU
		{70AC0C45-9156-4929-BDD1-E379120110FB}.Release|Any CPU.ActiveCfg = Release|Any CPU
		{70AC0C45-9156-4929-BDD1-E379120110FB}.Release|Any CPU.Build.0 = Release|Any CPU
		{96D74DB6-63F9-425D-AC18-88BE200B36B2}.Debug|Any CPU.ActiveCfg = Debug|Any CPU
		{96D74DB6-63F9-425D-AC18-88BE200B36B2}.Debug|Any CPU.Build.0 = Debug|Any CPU
		{96D74DB6-63F9-425D-AC18-88BE200B36B2}.Release|Any CPU.ActiveCfg = Release|Any CPU
		{96D74DB6-63F9-425D-AC18-88BE200B36B2}.Release|Any CPU.Build.0 = Release|Any CPU
	EndGlobalSection
	GlobalSection(SolutionProperties) = preSolution
		HideSolutionNode = FALSE
	EndGlobalSection
	GlobalSection(TeamFoundationVersionControl) = preSolution
		SccNumberOfProjects = 4
		SccEnterpriseProvider = {4CA58AB2-18FA-4F8D-95D4-32DDF27D184C}
		SccTeamFoundationServer = http://tuherz-ap-sdtfs:8080/tfs/defaultcollection
		SccProjectUniqueName0 = WPFMessageBox\\WPFMessageBox.csproj
		SccProjectName0 = WPFMessageBox
		SccLocalPath0 = WPFMessageBox
		SccLocalPath1 = .
		SccProjectUniqueName2 = WPFMessageBoxTestWPF\\TestWPFMessageBox_WPF.csproj
		SccProjectName2 = WPFMessageBoxTestWPF
		SccLocalPath2 = WPFMessageBoxTestWPF
		SccProjectUniqueName3 = WPFMessageBoxTestWinForms\\TestWPFMessageBox_WinForms.csproj
		SccProjectName3 = WPFMessageBoxTestWinForms
		SccLocalPath3 = WPFMessageBoxTestWinForms
	EndGlobalSection
EndGlobal
