
Microsoft Visual Studio Solution File, Format Version 12.00
# Visual Studio Version 16
VisualStudioVersion = 16.0.29709.97
MinimumVisualStudioVersion = 10.0.40219.1
Project("{FAE04EC0-301F-11D3-BF4B-00C04F79EFBC}") = "DesktopManagerUX", "DesktopManagerUX\DesktopManagerUX.csproj", "{75DE9844-3908-4151-B792-9DDAAB84049E}"
EndProject
Project("{FAE04EC0-301F-11D3-BF4B-00C04F79EFBC}") = "CommonMZ", "..\CommonMZ\CommonMZ\CommonMZ.csproj", "{A03C89DD-CA87-4C9E-9FF9-F4277372E0F7}"
EndProject
Global
	GlobalSection(SolutionConfigurationPlatforms) = preSolution
		Debug|Any CPU = Debug|Any CPU
		Release|Any CPU = Release|Any CPU
	EndGlobalSection
	GlobalSection(ProjectConfigurationPlatforms) = postSolution
		{75DE9844-3908-4151-B792-9DDAAB84049E}.Debug|Any CPU.ActiveCfg = Debug|Any CPU
		{75DE9844-3908-4151-B792-9DDAAB84049E}.Debug|Any CPU.Build.0 = Debug|Any CPU
		{75DE9844-3908-4151-B792-9DDAAB84049E}.Release|Any CPU.ActiveCfg = Release|Any CPU
		{75DE9844-3908-4151-B792-9DDAAB84049E}.Release|Any CPU.Build.0 = Release|Any CPU
		{A03C89DD-CA87-4C9E-9FF9-F4277372E0F7}.Debug|Any CPU.ActiveCfg = Debug|Any CPU
		{A03C89DD-CA87-4C9E-9FF9-F4277372E0F7}.Debug|Any CPU.Build.0 = Debug|Any CPU
		{A03C89DD-CA87-4C9E-9FF9-F4277372E0F7}.Release|Any CPU.ActiveCfg = Release|Any CPU
		{A03C89DD-CA87-4C9E-9FF9-F4277372E0F7}.Release|Any CPU.Build.0 = Release|Any CPU
	EndGlobalSection
	GlobalSection(SolutionProperties) = preSolution
		HideSolutionNode = FALSE
	EndGlobalSection
	GlobalSection(ExtensibilityGlobals) = postSolution
		SolutionGuid = {C901A078-C5CF-4F19-BFE9-5C1C00ECE2FD}
	EndGlobalSection
EndGlobal
