
Microsoft Visual Studio Solution File, Format Version 12.00
# Visual Studio Version 16
VisualStudioVersion = 16.0.29509.3
MinimumVisualStudioVersion = 10.0.40219.1
Project("{FAE04EC0-301F-11D3-BF4B-00C04F79EFBC}") = "DashCamGPSView", "DashCamGPSView\DashCamGPSView.csproj", "{538A1CFF-E4E6-4A34-8B0D-4D17EAD89995}"
EndProject
Project("{2150E333-8FDC-42A3-9474-1A3956D46DE8}") = "GMap.NET", "GMap.NET", "{DEC2FE20-4F0E-43D6-95BC-B2A3AB1E5979}"
EndProject
Project("{FAE04EC0-301F-11D3-BF4B-00C04F79EFBC}") = "GMap.NET.Core", "GMap.NET\GMap.NET.Core\GMap.NET.Core.csproj", "{D0C39D9D-BED0-418B-9A5E-713176CAF40C}"
EndProject
Project("{FAE04EC0-301F-11D3-BF4B-00C04F79EFBC}") = "GMap.NET.WindowsPresentation", "GMap.NET\GMap.NET.WindowsPresentation\GMap.NET.WindowsPresentation.csproj", "{644FE7D4-0184-400F-B2D7-99CB41360658}"
EndProject
Project("{FAE04EC0-301F-11D3-BF4B-00C04F79EFBC}") = "GMap.NET.WindowsForms", "GMap.NET\GMap.NET.WindowsForms\GMap.NET.WindowsForms.csproj", "{E06DEF77-F933-42FB-AFD7-DB2D0D8D6A98}"
EndProject
Project("{FAE04EC0-301F-11D3-BF4B-00C04F79EFBC}") = "GpsInfoParser", "GpsInfoParser\GpsInfoParser.csproj", "{08FD88C1-418B-4376-806D-F3ED46BA3C0C}"
EndProject
Project("{FAE04EC0-301F-11D3-BF4B-00C04F79EFBC}") = "CommandLineProcessor", "CommandLineProcessor\CommandLineProcessor.csproj", "{3176A30D-CE85-4326-951D-0357870ABBA6}"
EndProject
Project("{FAE04EC0-301F-11D3-BF4B-00C04F79EFBC}") = "SharpKml", "SharpKml\SharpKml.csproj", "{B6DAB18D-4A2A-4FC8-882D-40485251670D}"
EndProject
Global
	GlobalSection(SolutionConfigurationPlatforms) = preSolution
		Debug|Any CPU = Debug|Any CPU
		Release|Any CPU = Release|Any CPU
		v4.0-Debug|Any CPU = v4.0-Debug|Any CPU
		v4.0-Release|Any CPU = v4.0-Release|Any CPU
	EndGlobalSection
	GlobalSection(ProjectConfigurationPlatforms) = postSolution
		{538A1CFF-E4E6-4A34-8B0D-4D17EAD89995}.Debug|Any CPU.ActiveCfg = Debug|Any CPU
		{538A1CFF-E4E6-4A34-8B0D-4D17EAD89995}.Debug|Any CPU.Build.0 = Debug|Any CPU
		{538A1CFF-E4E6-4A34-8B0D-4D17EAD89995}.Release|Any CPU.ActiveCfg = Release|Any CPU
		{538A1CFF-E4E6-4A34-8B0D-4D17EAD89995}.Release|Any CPU.Build.0 = Release|Any CPU
		{538A1CFF-E4E6-4A34-8B0D-4D17EAD89995}.v4.0-Debug|Any CPU.ActiveCfg = Debug|Any CPU
		{538A1CFF-E4E6-4A34-8B0D-4D17EAD89995}.v4.0-Debug|Any CPU.Build.0 = Debug|Any CPU
		{538A1CFF-E4E6-4A34-8B0D-4D17EAD89995}.v4.0-Release|Any CPU.ActiveCfg = Release|Any CPU
		{538A1CFF-E4E6-4A34-8B0D-4D17EAD89995}.v4.0-Release|Any CPU.Build.0 = Release|Any CPU
		{D0C39D9D-BED0-418B-9A5E-713176CAF40C}.Debug|Any CPU.ActiveCfg = Debug|Any CPU
		{D0C39D9D-BED0-418B-9A5E-713176CAF40C}.Debug|Any CPU.Build.0 = Debug|Any CPU
		{D0C39D9D-BED0-418B-9A5E-713176CAF40C}.Release|Any CPU.ActiveCfg = Release|Any CPU
		{D0C39D9D-BED0-418B-9A5E-713176CAF40C}.Release|Any CPU.Build.0 = Release|Any CPU
		{D0C39D9D-BED0-418B-9A5E-713176CAF40C}.v4.0-Debug|Any CPU.ActiveCfg = v4.0-Debug|Any CPU
		{D0C39D9D-BED0-418B-9A5E-713176CAF40C}.v4.0-Debug|Any CPU.Build.0 = v4.0-Debug|Any CPU
		{D0C39D9D-BED0-418B-9A5E-713176CAF40C}.v4.0-Release|Any CPU.ActiveCfg = v4.0-Release|Any CPU
		{D0C39D9D-BED0-418B-9A5E-713176CAF40C}.v4.0-Release|Any CPU.Build.0 = v4.0-Release|Any CPU
		{644FE7D4-0184-400F-B2D7-99CB41360658}.Debug|Any CPU.ActiveCfg = Debug|Any CPU
		{644FE7D4-0184-400F-B2D7-99CB41360658}.Debug|Any CPU.Build.0 = Debug|Any CPU
		{644FE7D4-0184-400F-B2D7-99CB41360658}.Release|Any CPU.ActiveCfg = Release|Any CPU
		{644FE7D4-0184-400F-B2D7-99CB41360658}.Release|Any CPU.Build.0 = Release|Any CPU
		{644FE7D4-0184-400F-B2D7-99CB41360658}.v4.0-Debug|Any CPU.ActiveCfg = v4.0-Debug|Any CPU
		{644FE7D4-0184-400F-B2D7-99CB41360658}.v4.0-Debug|Any CPU.Build.0 = v4.0-Debug|Any CPU
		{644FE7D4-0184-400F-B2D7-99CB41360658}.v4.0-Release|Any CPU.ActiveCfg = v4.0-Release|Any CPU
		{644FE7D4-0184-400F-B2D7-99CB41360658}.v4.0-Release|Any CPU.Build.0 = v4.0-Release|Any CPU
		{E06DEF77-F933-42FB-AFD7-DB2D0D8D6A98}.Debug|Any CPU.ActiveCfg = Debug|Any CPU
		{E06DEF77-F933-42FB-AFD7-DB2D0D8D6A98}.Debug|Any CPU.Build.0 = Debug|Any CPU
		{E06DEF77-F933-42FB-AFD7-DB2D0D8D6A98}.Release|Any CPU.ActiveCfg = Release|Any CPU
		{E06DEF77-F933-42FB-AFD7-DB2D0D8D6A98}.Release|Any CPU.Build.0 = Release|Any CPU
		{E06DEF77-F933-42FB-AFD7-DB2D0D8D6A98}.v4.0-Debug|Any CPU.ActiveCfg = v4.0-Debug|Any CPU
		{E06DEF77-F933-42FB-AFD7-DB2D0D8D6A98}.v4.0-Debug|Any CPU.Build.0 = v4.0-Debug|Any CPU
		{E06DEF77-F933-42FB-AFD7-DB2D0D8D6A98}.v4.0-Release|Any CPU.ActiveCfg = v4.0-Release|Any CPU
		{E06DEF77-F933-42FB-AFD7-DB2D0D8D6A98}.v4.0-Release|Any CPU.Build.0 = v4.0-Release|Any CPU
		{08FD88C1-418B-4376-806D-F3ED46BA3C0C}.Debug|Any CPU.ActiveCfg = Debug|Any CPU
		{08FD88C1-418B-4376-806D-F3ED46BA3C0C}.Debug|Any CPU.Build.0 = Debug|Any CPU
		{08FD88C1-418B-4376-806D-F3ED46BA3C0C}.Release|Any CPU.ActiveCfg = Release|Any CPU
		{08FD88C1-418B-4376-806D-F3ED46BA3C0C}.Release|Any CPU.Build.0 = Release|Any CPU
		{08FD88C1-418B-4376-806D-F3ED46BA3C0C}.v4.0-Debug|Any CPU.ActiveCfg = Debug|Any CPU
		{08FD88C1-418B-4376-806D-F3ED46BA3C0C}.v4.0-Debug|Any CPU.Build.0 = Debug|Any CPU
		{08FD88C1-418B-4376-806D-F3ED46BA3C0C}.v4.0-Release|Any CPU.ActiveCfg = Release|Any CPU
		{08FD88C1-418B-4376-806D-F3ED46BA3C0C}.v4.0-Release|Any CPU.Build.0 = Release|Any CPU
		{3176A30D-CE85-4326-951D-0357870ABBA6}.Debug|Any CPU.ActiveCfg = Debug|Any CPU
		{3176A30D-CE85-4326-951D-0357870ABBA6}.Debug|Any CPU.Build.0 = Debug|Any CPU
		{3176A30D-CE85-4326-951D-0357870ABBA6}.Release|Any CPU.ActiveCfg = Release|Any CPU
		{3176A30D-CE85-4326-951D-0357870ABBA6}.Release|Any CPU.Build.0 = Release|Any CPU
		{3176A30D-CE85-4326-951D-0357870ABBA6}.v4.0-Debug|Any CPU.ActiveCfg = Debug|Any CPU
		{3176A30D-CE85-4326-951D-0357870ABBA6}.v4.0-Debug|Any CPU.Build.0 = Debug|Any CPU
		{3176A30D-CE85-4326-951D-0357870ABBA6}.v4.0-Release|Any CPU.ActiveCfg = Release|Any CPU
		{3176A30D-CE85-4326-951D-0357870ABBA6}.v4.0-Release|Any CPU.Build.0 = Release|Any CPU
		{B6DAB18D-4A2A-4FC8-882D-40485251670D}.Debug|Any CPU.ActiveCfg = Debug|Any CPU
		{B6DAB18D-4A2A-4FC8-882D-40485251670D}.Debug|Any CPU.Build.0 = Debug|Any CPU
		{B6DAB18D-4A2A-4FC8-882D-40485251670D}.Release|Any CPU.ActiveCfg = Release|Any CPU
		{B6DAB18D-4A2A-4FC8-882D-40485251670D}.Release|Any CPU.Build.0 = Release|Any CPU
		{B6DAB18D-4A2A-4FC8-882D-40485251670D}.v4.0-Debug|Any CPU.ActiveCfg = Debug|Any CPU
		{B6DAB18D-4A2A-4FC8-882D-40485251670D}.v4.0-Debug|Any CPU.Build.0 = Debug|Any CPU
		{B6DAB18D-4A2A-4FC8-882D-40485251670D}.v4.0-Release|Any CPU.ActiveCfg = Release|Any CPU
		{B6DAB18D-4A2A-4FC8-882D-40485251670D}.v4.0-Release|Any CPU.Build.0 = Release|Any CPU
	EndGlobalSection
	GlobalSection(SolutionProperties) = preSolution
		HideSolutionNode = FALSE
	EndGlobalSection
	GlobalSection(NestedProjects) = preSolution
		{D0C39D9D-BED0-418B-9A5E-713176CAF40C} = {DEC2FE20-4F0E-43D6-95BC-B2A3AB1E5979}
		{644FE7D4-0184-400F-B2D7-99CB41360658} = {DEC2FE20-4F0E-43D6-95BC-B2A3AB1E5979}
		{E06DEF77-F933-42FB-AFD7-DB2D0D8D6A98} = {DEC2FE20-4F0E-43D6-95BC-B2A3AB1E5979}
	EndGlobalSection
	GlobalSection(ExtensibilityGlobals) = postSolution
		SolutionGuid = {B0827E34-D0F4-4125-B477-E66DE8D57126}
	EndGlobalSection
EndGlobal
