
Microsoft Visual Studio Solution File, Format Version 12.00
# Visual Studio Version 16
VisualStudioVersion = 16.0.30717.126
MinimumVisualStudioVersion = 10.0.40219.1
Project("{FAE04EC0-301F-11D3-BF4B-00C04F79EFBC}") = "WiFiConnect.MkZ", "WiFiConnect.MkZ\WiFiConnect.MkZ.csproj", "{557B454B-D449-490C-A7B9-0457EB220F8A}"
EndProject
Project("{FAE04EC0-301F-11D3-BF4B-00C04F79EFBC}") = "Framework.MkZ", "..\..\Framework.MkZ\Framework.MkZ\Framework.MkZ.csproj", "{768AF4B8-5EDD-4196-97AE-DBC1589DD426}"
EndProject
Global
	GlobalSection(SolutionConfigurationPlatforms) = preSolution
		Debug|Any CPU = Debug|Any CPU
		Debug|ARM = Debug|ARM
		Debug|x64 = Debug|x64
		Debug|x86 = Debug|x86
		Release|Any CPU = Release|Any CPU
		Release|ARM = Release|ARM
		Release|x64 = Release|x64
		Release|x86 = Release|x86
	EndGlobalSection
	GlobalSection(ProjectConfigurationPlatforms) = postSolution
		{557B454B-D449-490C-A7B9-0457EB220F8A}.Debug|Any CPU.ActiveCfg = Debug|Any CPU
		{557B454B-D449-490C-A7B9-0457EB220F8A}.Debug|Any CPU.Build.0 = Debug|Any CPU
		{557B454B-D449-490C-A7B9-0457EB220F8A}.Debug|ARM.ActiveCfg = Debug|Any CPU
		{557B454B-D449-490C-A7B9-0457EB220F8A}.Debug|ARM.Build.0 = Debug|Any CPU
		{557B454B-D449-490C-A7B9-0457EB220F8A}.Debug|x64.ActiveCfg = Debug|Any CPU
		{557B454B-D449-490C-A7B9-0457EB220F8A}.Debug|x64.Build.0 = Debug|Any CPU
		{557B454B-D449-490C-A7B9-0457EB220F8A}.Debug|x86.ActiveCfg = Debug|Any CPU
		{557B454B-D449-490C-A7B9-0457EB220F8A}.Debug|x86.Build.0 = Debug|Any CPU
		{557B454B-D449-490C-A7B9-0457EB220F8A}.Release|Any CPU.ActiveCfg = Release|Any CPU
		{557B454B-D449-490C-A7B9-0457EB220F8A}.Release|Any CPU.Build.0 = Release|Any CPU
		{557B454B-D449-490C-A7B9-0457EB220F8A}.Release|ARM.ActiveCfg = Release|Any CPU
		{557B454B-D449-490C-A7B9-0457EB220F8A}.Release|ARM.Build.0 = Release|Any CPU
		{557B454B-D449-490C-A7B9-0457EB220F8A}.Release|x64.ActiveCfg = Release|Any CPU
		{557B454B-D449-490C-A7B9-0457EB220F8A}.Release|x64.Build.0 = Release|Any CPU
		{557B454B-D449-490C-A7B9-0457EB220F8A}.Release|x86.ActiveCfg = Release|Any CPU
		{557B454B-D449-490C-A7B9-0457EB220F8A}.Release|x86.Build.0 = Release|Any CPU
		{768AF4B8-5EDD-4196-97AE-DBC1589DD426}.Debug|Any CPU.ActiveCfg = Debug|Any CPU
		{768AF4B8-5EDD-4196-97AE-DBC1589DD426}.Debug|Any CPU.Build.0 = Debug|Any CPU
		{768AF4B8-5EDD-4196-97AE-DBC1589DD426}.Debug|ARM.ActiveCfg = Debug|Any CPU
		{768AF4B8-5EDD-4196-97AE-DBC1589DD426}.Debug|ARM.Build.0 = Debug|Any CPU
		{768AF4B8-5EDD-4196-97AE-DBC1589DD426}.Debug|x64.ActiveCfg = Debug|Any CPU
		{768AF4B8-5EDD-4196-97AE-DBC1589DD426}.Debug|x64.Build.0 = Debug|Any CPU
		{768AF4B8-5EDD-4196-97AE-DBC1589DD426}.Debug|x86.ActiveCfg = Debug|Any CPU
		{768AF4B8-5EDD-4196-97AE-DBC1589DD426}.Debug|x86.Build.0 = Debug|Any CPU
		{768AF4B8-5EDD-4196-97AE-DBC1589DD426}.Release|Any CPU.ActiveCfg = Release|Any CPU
		{768AF4B8-5EDD-4196-97AE-DBC1589DD426}.Release|Any CPU.Build.0 = Release|Any CPU
		{768AF4B8-5EDD-4196-97AE-DBC1589DD426}.Release|ARM.ActiveCfg = Release|Any CPU
		{768AF4B8-5EDD-4196-97AE-DBC1589DD426}.Release|ARM.Build.0 = Release|Any CPU
		{768AF4B8-5EDD-4196-97AE-DBC1589DD426}.Release|x64.ActiveCfg = Release|Any CPU
		{768AF4B8-5EDD-4196-97AE-DBC1589DD426}.Release|x64.Build.0 = Release|Any CPU
		{768AF4B8-5EDD-4196-97AE-DBC1589DD426}.Release|x86.ActiveCfg = Release|Any CPU
		{768AF4B8-5EDD-4196-97AE-DBC1589DD426}.Release|x86.Build.0 = Release|Any CPU
	EndGlobalSection
	GlobalSection(SolutionProperties) = preSolution
		HideSolutionNode = FALSE
	EndGlobalSection
	GlobalSection(ExtensibilityGlobals) = postSolution
		SolutionGuid = {4EF546C7-428F-4EF0-A250-A74B60CD38C3}
	EndGlobalSection
EndGlobal
