
Microsoft Visual Studio Solution File, Format Version 12.00
# Visual Studio Version 16
VisualStudioVersion = 16.0.30309.148
MinimumVisualStudioVersion = 10.0.40219.1
Project("{FAE04EC0-301F-11D3-BF4B-00C04F79EFBC}") = "DiskCryptorHelper", "DiskCryptorHelper\DiskCryptorHelper.csproj", "{447C2FC9-76A8-4C2A-88D0-D32B94D2DD7A}"
EndProject
Project("{FAE04EC0-301F-11D3-BF4B-00C04F79EFBC}") = "Framework.MkZ", "..\Framework.MkZ\Framework.MkZ\Framework.MkZ.csproj", "{768AF4B8-5EDD-4196-97AE-DBC1589DD426}"
EndProject
Global
	GlobalSection(SolutionConfigurationPlatforms) = preSolution
		Debug|Any CPU = Debug|Any CPU
		Release|Any CPU = Release|Any CPU
	EndGlobalSection
	GlobalSection(ProjectConfigurationPlatforms) = postSolution
		{447C2FC9-76A8-4C2A-88D0-D32B94D2DD7A}.Debug|Any CPU.ActiveCfg = Debug|Any CPU
		{447C2FC9-76A8-4C2A-88D0-D32B94D2DD7A}.Debug|Any CPU.Build.0 = Debug|Any CPU
		{447C2FC9-76A8-4C2A-88D0-D32B94D2DD7A}.Release|Any CPU.ActiveCfg = Release|Any CPU
		{447C2FC9-76A8-4C2A-88D0-D32B94D2DD7A}.Release|Any CPU.Build.0 = Release|Any CPU
		{768AF4B8-5EDD-4196-97AE-DBC1589DD426}.Debug|Any CPU.ActiveCfg = Debug|Any CPU
		{768AF4B8-5EDD-4196-97AE-DBC1589DD426}.Debug|Any CPU.Build.0 = Debug|Any CPU
		{768AF4B8-5EDD-4196-97AE-DBC1589DD426}.Release|Any CPU.ActiveCfg = Release|Any CPU
		{768AF4B8-5EDD-4196-97AE-DBC1589DD426}.Release|Any CPU.Build.0 = Release|Any CPU
	EndGlobalSection
	GlobalSection(SolutionProperties) = preSolution
		HideSolutionNode = FALSE
	EndGlobalSection
	GlobalSection(ExtensibilityGlobals) = postSolution
		SolutionGuid = {6063E53B-5696-4BD4-84B5-170756F906AF}
	EndGlobalSection
EndGlobal
