
Microsoft Visual Studio Solution File, Format Version 12.00
# Visual Studio Version 16
VisualStudioVersion = 16.0.30128.74
MinimumVisualStudioVersion = 10.0.40219.1
Project("{FAE04EC0-301F-11D3-BF4B-00C04F79EFBC}") = "ClipboardListener", "ClipboardListener.csproj", "{C5C9C052-8924-42E9-9658-8380640F0464}"
EndProject
Project("{FAE04EC0-301F-11D3-BF4B-00C04F79EFBC}") = "Framework.MkZ", "..\Framework.MkZ\Framework.MkZ\Framework.MkZ.csproj", "{768AF4B8-5EDD-4196-97AE-DBC1589DD426}"
EndProject
Global
	GlobalSection(SolutionConfigurationPlatforms) = preSolution
		Debug|Any CPU = Debug|Any CPU
		Release|Any CPU = Release|Any CPU
	EndGlobalSection
	GlobalSection(ProjectConfigurationPlatforms) = postSolution
		{C5C9C052-8924-42E9-9658-8380640F0464}.Debug|Any CPU.ActiveCfg = Debug|Any CPU
		{C5C9C052-8924-42E9-9658-8380640F0464}.Debug|Any CPU.Build.0 = Debug|Any CPU
		{C5C9C052-8924-42E9-9658-8380640F0464}.Release|Any CPU.ActiveCfg = Release|Any CPU
		{C5C9C052-8924-42E9-9658-8380640F0464}.Release|Any CPU.Build.0 = Release|Any CPU
		{768AF4B8-5EDD-4196-97AE-DBC1589DD426}.Debug|Any CPU.ActiveCfg = Debug|Any CPU
		{768AF4B8-5EDD-4196-97AE-DBC1589DD426}.Debug|Any CPU.Build.0 = Debug|Any CPU
		{768AF4B8-5EDD-4196-97AE-DBC1589DD426}.Release|Any CPU.ActiveCfg = Release|Any CPU
		{768AF4B8-5EDD-4196-97AE-DBC1589DD426}.Release|Any CPU.Build.0 = Release|Any CPU
	EndGlobalSection
	GlobalSection(SolutionProperties) = preSolution
		HideSolutionNode = FALSE
	EndGlobalSection
	GlobalSection(ExtensibilityGlobals) = postSolution
		SolutionGuid = {26C5522D-6415-48E1-9693-FDA41D354664}
	EndGlobalSection
EndGlobal
