
Microsoft Visual Studio Solution File, Format Version 9.00
# Visual Studio 2005
Project("{FAE04EC0-301F-11D3-BF4B-00C04F79EFBC}") = "SPUD", "SPUD\SPUD.csproj", "{F6921846-17EF-4E73-B899-73FC7E81149D}"
EndProject
Global
	GlobalSection(SolutionConfigurationPlatforms) = preSolution
		Debug|Any CPU = Debug|Any CPU
		Release|Any CPU = Release|Any CPU
	EndGlobalSection
	GlobalSection(ProjectConfigurationPlatforms) = postSolution
		{F6921846-17EF-4E73-B899-73FC7E81149D}.Debug|Any CPU.ActiveCfg = Debug|Any CPU
		{F6921846-17EF-4E73-B899-73FC7E81149D}.Debug|Any CPU.Build.0 = Debug|Any CPU
		{F6921846-17EF-4E73-B899-73FC7E81149D}.Release|Any CPU.ActiveCfg = Release|Any CPU
		{F6921846-17EF-4E73-B899-73FC7E81149D}.Release|Any CPU.Build.0 = Release|Any CPU
	EndGlobalSection
	GlobalSection(SolutionProperties) = preSolution
		HideSolutionNode = FALSE
	EndGlobalSection
EndGlobal
