
Microsoft Visual Studio Solution File, Format Version 12.00
# Visual Studio 15
VisualStudioVersion = 15.0.27130.2020
MinimumVisualStudioVersion = 10.0.40219.1
Project("{FAE04EC0-301F-11D3-BF4B-00C04F79EFBC}") = "YouTubeDownload", "YouTubeDownload\YouTubeDownload.csproj", "{3AED8509-3EF3-44F9-9260-E9330D959BA1}"
EndProject
Project("{FAE04EC0-301F-11D3-BF4B-00C04F79EFBC}") = "YTD", "YTD\YTD.csproj", "{2BFBD086-DE2D-40FC-8923-536109C5FCAA}"
EndProject
Global
	GlobalSection(SolutionConfigurationPlatforms) = preSolution
		Debug|Any CPU = Debug|Any CPU
		Release|Any CPU = Release|Any CPU
	EndGlobalSection
	GlobalSection(ProjectConfigurationPlatforms) = postSolution
		{3AED8509-3EF3-44F9-9260-E9330D959BA1}.Debug|Any CPU.ActiveCfg = Debug|Any CPU
		{3AED8509-3EF3-44F9-9260-E9330D959BA1}.Debug|Any CPU.Build.0 = Debug|Any CPU
		{3AED8509-3EF3-44F9-9260-E9330D959BA1}.Release|Any CPU.ActiveCfg = Release|Any CPU
		{3AED8509-3EF3-44F9-9260-E9330D959BA1}.Release|Any CPU.Build.0 = Release|Any CPU
		{2BFBD086-DE2D-40FC-8923-536109C5FCAA}.Debug|Any CPU.ActiveCfg = Debug|Any CPU
		{2BFBD086-DE2D-40FC-8923-536109C5FCAA}.Debug|Any CPU.Build.0 = Debug|Any CPU
		{2BFBD086-DE2D-40FC-8923-536109C5FCAA}.Release|Any CPU.ActiveCfg = Release|Any CPU
		{2BFBD086-DE2D-40FC-8923-536109C5FCAA}.Release|Any CPU.Build.0 = Release|Any CPU
	EndGlobalSection
	GlobalSection(SolutionProperties) = preSolution
		HideSolutionNode = FALSE
	EndGlobalSection
	GlobalSection(ExtensibilityGlobals) = postSolution
		SolutionGuid = {707156E5-AC7C-4E45-B042-3DDD8693F678}
	EndGlobalSection
EndGlobal
