
Microsoft Visual Studio Solution File, Format Version 12.00
# Visual Studio Version 16
VisualStudioVersion = 16.0.30011.22
MinimumVisualStudioVersion = 10.0.40219.1
Project("{FAE04EC0-301F-11D3-BF4B-00C04F79EFBC}") = "Framework.MkZ", "..\Framework.MkZ\Framework.MkZ\Framework.MkZ.csproj", "{768AF4B8-5EDD-4196-97AE-DBC1589DD426}"
EndProject
Project("{FAE04EC0-301F-11D3-BF4B-00C04F79EFBC}") = "MediaController", "MediaController\MediaController.csproj", "{8714349C-72A9-41B2-B885-48EEE88E9ADE}"
EndProject
Global
	GlobalSection(SolutionConfigurationPlatforms) = preSolution
		Debug|Any CPU = Debug|Any CPU
		Release|Any CPU = Release|Any CPU
	EndGlobalSection
	GlobalSection(ProjectConfigurationPlatforms) = postSolution
		{768AF4B8-5EDD-4196-97AE-DBC1589DD426}.Debug|Any CPU.ActiveCfg = Debug|Any CPU
		{768AF4B8-5EDD-4196-97AE-DBC1589DD426}.Debug|Any CPU.Build.0 = Debug|Any CPU
		{768AF4B8-5EDD-4196-97AE-DBC1589DD426}.Release|Any CPU.ActiveCfg = Release|Any CPU
		{768AF4B8-5EDD-4196-97AE-DBC1589DD426}.Release|Any CPU.Build.0 = Release|Any CPU
		{8714349C-72A9-41B2-B885-48EEE88E9ADE}.Debug|Any CPU.ActiveCfg = Debug|Any CPU
		{8714349C-72A9-41B2-B885-48EEE88E9ADE}.Debug|Any CPU.Build.0 = Debug|Any CPU
		{8714349C-72A9-41B2-B885-48EEE88E9ADE}.Release|Any CPU.ActiveCfg = Release|Any CPU
		{8714349C-72A9-41B2-B885-48EEE88E9ADE}.Release|Any CPU.Build.0 = Release|Any CPU
	EndGlobalSection
	GlobalSection(SolutionProperties) = preSolution
		HideSolutionNode = FALSE
	EndGlobalSection
	GlobalSection(ExtensibilityGlobals) = postSolution
		SolutionGuid = {4E22F480-9EEC-4FBC-8792-EE55E6337D51}
	EndGlobalSection
EndGlobal
