
Microsoft Visual Studio Solution File, Format Version 12.00
# Visual Studio Version 16
VisualStudioVersion = 16.0.30011.22
MinimumVisualStudioVersion = 10.0.40219.1
Project("{FAE04EC0-301F-11D3-BF4B-00C04F79EFBC}") = "DUMeterMZ", "DUMeterMZ.csproj", "{63612068-2997-4E1E-BF7B-22F499966EE7}"
EndProject
Project("{FAE04EC0-301F-11D3-BF4B-00C04F79EFBC}") = "DiskMeter", "..\DiskMeterMZ\DiskMeter.csproj", "{44F21B90-22FC-42E8-905C-50A161A1156C}"
EndProject
Project("{FAE04EC0-301F-11D3-BF4B-00C04F79EFBC}") = "ClipboardListener", "..\ClipboardListener\ClipboardListener.csproj", "{C5C9C052-8924-42E9-9658-8380640F0464}"
EndProject
Project("{FAE04EC0-301F-11D3-BF4B-00C04F79EFBC}") = "LaunchWithEncoding", "..\LaunchWithEncoding\LaunchWithEncoding.csproj", "{1CB1F50F-C610-4F5A-87DE-19EB67C64828}"
EndProject
Project("{FAE04EC0-301F-11D3-BF4B-00C04F79EFBC}") = "SPUD", "..\SpeedCamUpd\SPUD\SPUD.csproj", "{F6921846-17EF-4E73-B899-73FC7E81149D}"
EndProject
Project("{FAE04EC0-301F-11D3-BF4B-00C04F79EFBC}") = "WinFFAvi", "..\WinFFAvi\WinFFAvi.csproj", "{4C9F844B-6D33-4B65-8F04-A6B18CC014C3}"
EndProject
Project("{FAE04EC0-301F-11D3-BF4B-00C04F79EFBC}") = "MeditationStopWatch", "..\MeditationStopWatch\MeditationStopWatch.csproj", "{16302474-7E1D-49ED-A589-AC29F89EC40F}"
EndProject
Project("{FAE04EC0-301F-11D3-BF4B-00C04F79EFBC}") = "HotPixelTest", "..\HotPixelTest\HotPixelTest.csproj", "{199B81F5-F93D-45FE-AF71-67F2A8AC1A85}"
EndProject
Project("{FAE04EC0-301F-11D3-BF4B-00C04F79EFBC}") = "VCFEdit", "..\VCFEdit\VCFEdit.csproj", "{675CB075-E42C-47F1-BA41-2204AF40AD6A}"
EndProject
Project("{FAE04EC0-301F-11D3-BF4B-00C04F79EFBC}") = "RulerWPF", "..\RulerWPF\RulerWPF.csproj", "{D570FA45-E261-4594-99F9-00982C366EC1}"
EndProject
Project("{FAE04EC0-301F-11D3-BF4B-00C04F79EFBC}") = "YouTubeDownload", "..\YouTubeDownload\YouTubeDownload\YouTubeDownload.csproj", "{3AED8509-3EF3-44F9-9260-E9330D959BA1}"
EndProject
Project("{FAE04EC0-301F-11D3-BF4B-00C04F79EFBC}") = "DiskCryptorHelper", "..\DiskCryptorHelper\DiskCryptorHelper\DiskCryptorHelper.csproj", "{447C2FC9-76A8-4C2A-88D0-D32B94D2DD7A}"
EndProject
Project("{FAE04EC0-301F-11D3-BF4B-00C04F79EFBC}") = "DesktopManagerUX", "..\DesktopManager\DesktopManagerUX\DesktopManagerUX.csproj", "{75DE9844-3908-4151-B792-9DDAAB84049E}"
EndProject
Project("{FAE04EC0-301F-11D3-BF4B-00C04F79EFBC}") = "DashCamGPSView", "..\DashCamGPSView\DashCamGPSView\DashCamGPSView.csproj", "{538A1CFF-E4E6-4A34-8B0D-4D17EAD89995}"
EndProject
Project("{FAE04EC0-301F-11D3-BF4B-00C04F79EFBC}") = "CommandLineProcessor", "..\DashCamGPSView\CommandLineProcessor\CommandLineProcessor.csproj", "{3176A30D-CE85-4326-951D-0357870ABBA6}"
EndProject
Project("{FAE04EC0-301F-11D3-BF4B-00C04F79EFBC}") = "SimpleBackup", "..\SimpleBackup\SimpleBackup\SimpleBackup.csproj", "{5B2DDCA8-4EB0-4ED5-A2C0-19DA1137F869}"
EndProject
Project("{FAE04EC0-301F-11D3-BF4B-00C04F79EFBC}") = "MediaController", "..\AudioSwitch\MediaController\MediaController.csproj", "{8714349C-72A9-41B2-B885-48EEE88E9ADE}"
EndProject
Project("{FAE04EC0-301F-11D3-BF4B-00C04F79EFBC}") = "Framework.MkZ", "..\Framework.MkZ\Framework.MkZ\Framework.MkZ.csproj", "{768AF4B8-5EDD-4196-97AE-DBC1589DD426}"
EndProject
Project("{2150E333-8FDC-42A3-9474-1A3956D46DE8}") = "DashCam", "DashCam", "{07180975-68C7-4FE4-8865-13926013E64A}"
EndProject
Project("{2150E333-8FDC-42A3-9474-1A3956D46DE8}") = "GMap.NET", "GMap.NET", "{C09D8C6A-45B1-491C-894E-0646FA310D42}"
EndProject
Project("{FAE04EC0-301F-11D3-BF4B-00C04F79EFBC}") = "GMap.NET.Core", "..\DashCamGPSView\GMap.NET\GMap.NET.Core\GMap.NET.Core.csproj", "{D0C39D9D-BED0-418B-9A5E-713176CAF40C}"
EndProject
Project("{FAE04EC0-301F-11D3-BF4B-00C04F79EFBC}") = "GMap.NET.WindowsForms", "..\DashCamGPSView\GMap.NET\GMap.NET.WindowsForms\GMap.NET.WindowsForms.csproj", "{E06DEF77-F933-42FB-AFD7-DB2D0D8D6A98}"
EndProject
Project("{FAE04EC0-301F-11D3-BF4B-00C04F79EFBC}") = "GMap.NET.WindowsPresentation", "..\DashCamGPSView\GMap.NET\GMap.NET.WindowsPresentation\GMap.NET.WindowsPresentation.csproj", "{644FE7D4-0184-400F-B2D7-99CB41360658}"
EndProject
Project("{FAE04EC0-301F-11D3-BF4B-00C04F79EFBC}") = "CircularGauge", "..\DashCamGPSView\CircularGauge\CircularGauge.csproj", "{6EFD5895-177B-4BBB-AF52-29F4D53B3FBD}"
EndProject
Project("{FAE04EC0-301F-11D3-BF4B-00C04F79EFBC}") = "GpsInfoParser", "..\DashCamGPSView\GpsInfoParser\GpsInfoParser.csproj", "{08FD88C1-418B-4376-806D-F3ED46BA3C0C}"
EndProject
Project("{FAE04EC0-301F-11D3-BF4B-00C04F79EFBC}") = "MediaPlayer.MkZ", "..\MediaPlayer.MkZ\MediaPlayer.MkZ\MediaPlayer.MkZ.csproj", "{561B8D01-3848-40A7-BC2E-EBAA85F85724}"
EndProject
Project("{FAE04EC0-301F-11D3-BF4B-00C04F79EFBC}") = "BarometerBT", "..\BlueMaestro\Barometer\BarometerBT\BarometerBT.csproj", "{20544025-5E15-45D2-8453-38563D988C9F}"
EndProject
Project("{FAE04EC0-301F-11D3-BF4B-00C04F79EFBC}") = "RadexOneDemo", "..\RadexOneDemo\RadexOneDemo.csproj", "{B4827A14-7582-44F9-9BEE-F081210BD7FC}"
EndProject
Project("{FAE04EC0-301F-11D3-BF4B-00C04F79EFBC}") = "WpfAnalogClock", "..\Clock\WpfAnalogClock\WpfAnalogClock\WpfAnalogClock.csproj", "{58531D9F-9C81-4E03-81B3-B5C06B6680AF}"
EndProject
Project("{FAE04EC0-301F-11D3-BF4B-00C04F79EFBC}") = "FileSystemHelper", "..\FileSystemHelper\FileSystemHelper\FileSystemHelper.csproj", "{08B00DA9-A871-4701-ABB2-057A9CF4456D}"
EndProject
Global
	GlobalSection(SolutionConfigurationPlatforms) = preSolution
		Debug|Any CPU = Debug|Any CPU
		Debug|Mixed Platforms = Debug|Mixed Platforms
		Debug|x86 = Debug|x86
		Release|Any CPU = Release|Any CPU
		Release|Mixed Platforms = Release|Mixed Platforms
		Release|x86 = Release|x86
	EndGlobalSection
	GlobalSection(ProjectConfigurationPlatforms) = postSolution
		{63612068-2997-4E1E-BF7B-22F499966EE7}.Debug|Any CPU.ActiveCfg = Debug|Any CPU
		{63612068-2997-4E1E-BF7B-22F499966EE7}.Debug|Any CPU.Build.0 = Debug|Any CPU
		{63612068-2997-4E1E-BF7B-22F499966EE7}.Debug|Mixed Platforms.ActiveCfg = Debug|x86
		{63612068-2997-4E1E-BF7B-22F499966EE7}.Debug|Mixed Platforms.Build.0 = Debug|x86
		{63612068-2997-4E1E-BF7B-22F499966EE7}.Debug|x86.ActiveCfg = Debug|x86
		{63612068-2997-4E1E-BF7B-22F499966EE7}.Debug|x86.Build.0 = Debug|x86
		{63612068-2997-4E1E-BF7B-22F499966EE7}.Release|Any CPU.ActiveCfg = Release|Any CPU
		{63612068-2997-4E1E-BF7B-22F499966EE7}.Release|Any CPU.Build.0 = Release|Any CPU
		{63612068-2997-4E1E-BF7B-22F499966EE7}.Release|Mixed Platforms.ActiveCfg = Release|x86
		{63612068-2997-4E1E-BF7B-22F499966EE7}.Release|Mixed Platforms.Build.0 = Release|x86
		{63612068-2997-4E1E-BF7B-22F499966EE7}.Release|x86.ActiveCfg = Release|x86
		{63612068-2997-4E1E-BF7B-22F499966EE7}.Release|x86.Build.0 = Release|x86
		{44F21B90-22FC-42E8-905C-50A161A1156C}.Debug|Any CPU.ActiveCfg = Debug|Any CPU
		{44F21B90-22FC-42E8-905C-50A161A1156C}.Debug|Any CPU.Build.0 = Debug|Any CPU
		{44F21B90-22FC-42E8-905C-50A161A1156C}.Debug|Mixed Platforms.ActiveCfg = Debug|Any CPU
		{44F21B90-22FC-42E8-905C-50A161A1156C}.Debug|Mixed Platforms.Build.0 = Debug|Any CPU
		{44F21B90-22FC-42E8-905C-50A161A1156C}.Debug|x86.ActiveCfg = Debug|Any CPU
		{44F21B90-22FC-42E8-905C-50A161A1156C}.Debug|x86.Build.0 = Debug|Any CPU
		{44F21B90-22FC-42E8-905C-50A161A1156C}.Release|Any CPU.ActiveCfg = Release|Any CPU
		{44F21B90-22FC-42E8-905C-50A161A1156C}.Release|Any CPU.Build.0 = Release|Any CPU
		{44F21B90-22FC-42E8-905C-50A161A1156C}.Release|Mixed Platforms.ActiveCfg = Release|Any CPU
		{44F21B90-22FC-42E8-905C-50A161A1156C}.Release|Mixed Platforms.Build.0 = Release|Any CPU
		{44F21B90-22FC-42E8-905C-50A161A1156C}.Release|x86.ActiveCfg = Release|Any CPU
		{C5C9C052-8924-42E9-9658-8380640F0464}.Debug|Any CPU.ActiveCfg = Debug|Any CPU
		{C5C9C052-8924-42E9-9658-8380640F0464}.Debug|Any CPU.Build.0 = Debug|Any CPU
		{C5C9C052-8924-42E9-9658-8380640F0464}.Debug|Mixed Platforms.ActiveCfg = Debug|x86
		{C5C9C052-8924-42E9-9658-8380640F0464}.Debug|Mixed Platforms.Build.0 = Debug|x86
		{C5C9C052-8924-42E9-9658-8380640F0464}.Debug|x86.ActiveCfg = Debug|x86
		{C5C9C052-8924-42E9-9658-8380640F0464}.Debug|x86.Build.0 = Debug|x86
		{C5C9C052-8924-42E9-9658-8380640F0464}.Release|Any CPU.ActiveCfg = Release|Any CPU
		{C5C9C052-8924-42E9-9658-8380640F0464}.Release|Any CPU.Build.0 = Release|Any CPU
		{C5C9C052-8924-42E9-9658-8380640F0464}.Release|Mixed Platforms.ActiveCfg = Release|x86
		{C5C9C052-8924-42E9-9658-8380640F0464}.Release|Mixed Platforms.Build.0 = Release|x86
		{C5C9C052-8924-42E9-9658-8380640F0464}.Release|x86.ActiveCfg = Release|x86
		{C5C9C052-8924-42E9-9658-8380640F0464}.Release|x86.Build.0 = Release|x86
		{1CB1F50F-C610-4F5A-87DE-19EB67C64828}.Debug|Any CPU.ActiveCfg = Debug|Any CPU
		{1CB1F50F-C610-4F5A-87DE-19EB67C64828}.Debug|Any CPU.Build.0 = Debug|Any CPU
		{1CB1F50F-C610-4F5A-87DE-19EB67C64828}.Debug|Mixed Platforms.ActiveCfg = Debug|Any CPU
		{1CB1F50F-C610-4F5A-87DE-19EB67C64828}.Debug|Mixed Platforms.Build.0 = Debug|Any CPU
		{1CB1F50F-C610-4F5A-87DE-19EB67C64828}.Debug|x86.ActiveCfg = Debug|Any CPU
		{1CB1F50F-C610-4F5A-87DE-19EB67C64828}.Release|Any CPU.ActiveCfg = Release|Any CPU
		{1CB1F50F-C610-4F5A-87DE-19EB67C64828}.Release|Any CPU.Build.0 = Release|Any CPU
		{1CB1F50F-C610-4F5A-87DE-19EB67C64828}.Release|Mixed Platforms.ActiveCfg = Release|Any CPU
		{1CB1F50F-C610-4F5A-87DE-19EB67C64828}.Release|Mixed Platforms.Build.0 = Release|Any CPU
		{1CB1F50F-C610-4F5A-87DE-19EB67C64828}.Release|x86.ActiveCfg = Release|Any CPU
		{F6921846-17EF-4E73-B899-73FC7E81149D}.Debug|Any CPU.ActiveCfg = Debug|Any CPU
		{F6921846-17EF-4E73-B899-73FC7E81149D}.Debug|Any CPU.Build.0 = Debug|Any CPU
		{F6921846-17EF-4E73-B899-73FC7E81149D}.Debug|Mixed Platforms.ActiveCfg = Debug|Any CPU
		{F6921846-17EF-4E73-B899-73FC7E81149D}.Debug|Mixed Platforms.Build.0 = Debug|Any CPU
		{F6921846-17EF-4E73-B899-73FC7E81149D}.Debug|x86.ActiveCfg = Debug|Any CPU
		{F6921846-17EF-4E73-B899-73FC7E81149D}.Debug|x86.Build.0 = Debug|Any CPU
		{F6921846-17EF-4E73-B899-73FC7E81149D}.Release|Any CPU.ActiveCfg = Release|Any CPU
		{F6921846-17EF-4E73-B899-73FC7E81149D}.Release|Any CPU.Build.0 = Release|Any CPU
		{F6921846-17EF-4E73-B899-73FC7E81149D}.Release|Mixed Platforms.ActiveCfg = Release|Any CPU
		{F6921846-17EF-4E73-B899-73FC7E81149D}.Release|Mixed Platforms.Build.0 = Release|Any CPU
		{F6921846-17EF-4E73-B899-73FC7E81149D}.Release|x86.ActiveCfg = Release|Any CPU
		{4C9F844B-6D33-4B65-8F04-A6B18CC014C3}.Debug|Any CPU.ActiveCfg = Debug|Any CPU
		{4C9F844B-6D33-4B65-8F04-A6B18CC014C3}.Debug|Any CPU.Build.0 = Debug|Any CPU
		{4C9F844B-6D33-4B65-8F04-A6B18CC014C3}.Debug|Mixed Platforms.ActiveCfg = Debug|Any CPU
		{4C9F844B-6D33-4B65-8F04-A6B18CC014C3}.Debug|Mixed Platforms.Build.0 = Debug|Any CPU
		{4C9F844B-6D33-4B65-8F04-A6B18CC014C3}.Debug|x86.ActiveCfg = Debug|Any CPU
		{4C9F844B-6D33-4B65-8F04-A6B18CC014C3}.Debug|x86.Build.0 = Debug|Any CPU
		{4C9F844B-6D33-4B65-8F04-A6B18CC014C3}.Release|Any CPU.ActiveCfg = Release|Any CPU
		{4C9F844B-6D33-4B65-8F04-A6B18CC014C3}.Release|Any CPU.Build.0 = Release|Any CPU
		{4C9F844B-6D33-4B65-8F04-A6B18CC014C3}.Release|Mixed Platforms.ActiveCfg = Release|Any CPU
		{4C9F844B-6D33-4B65-8F04-A6B18CC014C3}.Release|Mixed Platforms.Build.0 = Release|Any CPU
		{4C9F844B-6D33-4B65-8F04-A6B18CC014C3}.Release|x86.ActiveCfg = Release|Any CPU
		{16302474-7E1D-49ED-A589-AC29F89EC40F}.Debug|Any CPU.ActiveCfg = Debug|Any CPU
		{16302474-7E1D-49ED-A589-AC29F89EC40F}.Debug|Any CPU.Build.0 = Debug|Any CPU
		{16302474-7E1D-49ED-A589-AC29F89EC40F}.Debug|Mixed Platforms.ActiveCfg = Debug|Any CPU
		{16302474-7E1D-49ED-A589-AC29F89EC40F}.Debug|Mixed Platforms.Build.0 = Debug|Any CPU
		{16302474-7E1D-49ED-A589-AC29F89EC40F}.Debug|x86.ActiveCfg = Debug|Any CPU
		{16302474-7E1D-49ED-A589-AC29F89EC40F}.Debug|x86.Build.0 = Debug|Any CPU
		{16302474-7E1D-49ED-A589-AC29F89EC40F}.Release|Any CPU.ActiveCfg = Release|Any CPU
		{16302474-7E1D-49ED-A589-AC29F89EC40F}.Release|Any CPU.Build.0 = Release|Any CPU
		{16302474-7E1D-49ED-A589-AC29F89EC40F}.Release|Mixed Platforms.ActiveCfg = Release|Any CPU
		{16302474-7E1D-49ED-A589-AC29F89EC40F}.Release|Mixed Platforms.Build.0 = Release|Any CPU
		{16302474-7E1D-49ED-A589-AC29F89EC40F}.Release|x86.ActiveCfg = Release|Any CPU
		{199B81F5-F93D-45FE-AF71-67F2A8AC1A85}.Debug|Any CPU.ActiveCfg = Debug|Any CPU
		{199B81F5-F93D-45FE-AF71-67F2A8AC1A85}.Debug|Any CPU.Build.0 = Debug|Any CPU
		{199B81F5-F93D-45FE-AF71-67F2A8AC1A85}.Debug|Mixed Platforms.ActiveCfg = Debug|Any CPU
		{199B81F5-F93D-45FE-AF71-67F2A8AC1A85}.Debug|Mixed Platforms.Build.0 = Debug|Any CPU
		{199B81F5-F93D-45FE-AF71-67F2A8AC1A85}.Debug|x86.ActiveCfg = Debug|Any CPU
		{199B81F5-F93D-45FE-AF71-67F2A8AC1A85}.Debug|x86.Build.0 = Debug|Any CPU
		{199B81F5-F93D-45FE-AF71-67F2A8AC1A85}.Release|Any CPU.ActiveCfg = Release|Any CPU
		{199B81F5-F93D-45FE-AF71-67F2A8AC1A85}.Release|Any CPU.Build.0 = Release|Any CPU
		{199B81F5-F93D-45FE-AF71-67F2A8AC1A85}.Release|Mixed Platforms.ActiveCfg = Release|Any CPU
		{199B81F5-F93D-45FE-AF71-67F2A8AC1A85}.Release|Mixed Platforms.Build.0 = Release|Any CPU
		{199B81F5-F93D-45FE-AF71-67F2A8AC1A85}.Release|x86.ActiveCfg = Release|Any CPU
		{675CB075-E42C-47F1-BA41-2204AF40AD6A}.Debug|Any CPU.ActiveCfg = Debug|x86
		{675CB075-E42C-47F1-BA41-2204AF40AD6A}.Debug|Mixed Platforms.ActiveCfg = Debug|x86
		{675CB075-E42C-47F1-BA41-2204AF40AD6A}.Debug|Mixed Platforms.Build.0 = Debug|x86
		{675CB075-E42C-47F1-BA41-2204AF40AD6A}.Debug|x86.ActiveCfg = Debug|x86
		{675CB075-E42C-47F1-BA41-2204AF40AD6A}.Debug|x86.Build.0 = Debug|x86
		{675CB075-E42C-47F1-BA41-2204AF40AD6A}.Release|Any CPU.ActiveCfg = Release|x86
		{675CB075-E42C-47F1-BA41-2204AF40AD6A}.Release|Mixed Platforms.ActiveCfg = Release|x86
		{675CB075-E42C-47F1-BA41-2204AF40AD6A}.Release|Mixed Platforms.Build.0 = Release|x86
		{675CB075-E42C-47F1-BA41-2204AF40AD6A}.Release|x86.ActiveCfg = Release|x86
		{675CB075-E42C-47F1-BA41-2204AF40AD6A}.Release|x86.Build.0 = Release|x86
		{D570FA45-E261-4594-99F9-00982C366EC1}.Debug|Any CPU.ActiveCfg = Debug|Any CPU
		{D570FA45-E261-4594-99F9-00982C366EC1}.Debug|Any CPU.Build.0 = Debug|Any CPU
		{D570FA45-E261-4594-99F9-00982C366EC1}.Debug|Mixed Platforms.ActiveCfg = Debug|Any CPU
		{D570FA45-E261-4594-99F9-00982C366EC1}.Debug|Mixed Platforms.Build.0 = Debug|Any CPU
		{D570FA45-E261-4594-99F9-00982C366EC1}.Debug|x86.ActiveCfg = Debug|Any CPU
		{D570FA45-E261-4594-99F9-00982C366EC1}.Debug|x86.Build.0 = Debug|Any CPU
		{D570FA45-E261-4594-99F9-00982C366EC1}.Release|Any CPU.ActiveCfg = Release|Any CPU
		{D570FA45-E261-4594-99F9-00982C366EC1}.Release|Any CPU.Build.0 = Release|Any CPU
		{D570FA45-E261-4594-99F9-00982C366EC1}.Release|Mixed Platforms.ActiveCfg = Release|Any CPU
		{D570FA45-E261-4594-99F9-00982C366EC1}.Release|Mixed Platforms.Build.0 = Release|Any CPU
		{D570FA45-E261-4594-99F9-00982C366EC1}.Release|x86.ActiveCfg = Release|Any CPU
		{D570FA45-E261-4594-99F9-00982C366EC1}.Release|x86.Build.0 = Release|Any CPU
		{3AED8509-3EF3-44F9-9260-E9330D959BA1}.Debug|Any CPU.ActiveCfg = Debug|Any CPU
		{3AED8509-3EF3-44F9-9260-E9330D959BA1}.Debug|Any CPU.Build.0 = Debug|Any CPU
		{3AED8509-3EF3-44F9-9260-E9330D959BA1}.Debug|Mixed Platforms.ActiveCfg = Debug|Any CPU
		{3AED8509-3EF3-44F9-9260-E9330D959BA1}.Debug|Mixed Platforms.Build.0 = Debug|Any CPU
		{3AED8509-3EF3-44F9-9260-E9330D959BA1}.Debug|x86.ActiveCfg = Debug|Any CPU
		{3AED8509-3EF3-44F9-9260-E9330D959BA1}.Debug|x86.Build.0 = Debug|Any CPU
		{3AED8509-3EF3-44F9-9260-E9330D959BA1}.Release|Any CPU.ActiveCfg = Release|Any CPU
		{3AED8509-3EF3-44F9-9260-E9330D959BA1}.Release|Any CPU.Build.0 = Release|Any CPU
		{3AED8509-3EF3-44F9-9260-E9330D959BA1}.Release|Mixed Platforms.ActiveCfg = Release|Any CPU
		{3AED8509-3EF3-44F9-9260-E9330D959BA1}.Release|Mixed Platforms.Build.0 = Release|Any CPU
		{3AED8509-3EF3-44F9-9260-E9330D959BA1}.Release|x86.ActiveCfg = Release|Any CPU
		{3AED8509-3EF3-44F9-9260-E9330D959BA1}.Release|x86.Build.0 = Release|Any CPU
		{447C2FC9-76A8-4C2A-88D0-D32B94D2DD7A}.Debug|Any CPU.ActiveCfg = Debug|Any CPU
		{447C2FC9-76A8-4C2A-88D0-D32B94D2DD7A}.Debug|Any CPU.Build.0 = Debug|Any CPU
		{447C2FC9-76A8-4C2A-88D0-D32B94D2DD7A}.Debug|Mixed Platforms.ActiveCfg = Debug|Any CPU
		{447C2FC9-76A8-4C2A-88D0-D32B94D2DD7A}.Debug|Mixed Platforms.Build.0 = Debug|Any CPU
		{447C2FC9-76A8-4C2A-88D0-D32B94D2DD7A}.Debug|x86.ActiveCfg = Debug|Any CPU
		{447C2FC9-76A8-4C2A-88D0-D32B94D2DD7A}.Debug|x86.Build.0 = Debug|Any CPU
		{447C2FC9-76A8-4C2A-88D0-D32B94D2DD7A}.Release|Any CPU.ActiveCfg = Release|Any CPU
		{447C2FC9-76A8-4C2A-88D0-D32B94D2DD7A}.Release|Any CPU.Build.0 = Release|Any CPU
		{447C2FC9-76A8-4C2A-88D0-D32B94D2DD7A}.Release|Mixed Platforms.ActiveCfg = Release|Any CPU
		{447C2FC9-76A8-4C2A-88D0-D32B94D2DD7A}.Release|Mixed Platforms.Build.0 = Release|Any CPU
		{447C2FC9-76A8-4C2A-88D0-D32B94D2DD7A}.Release|x86.ActiveCfg = Release|Any CPU
		{447C2FC9-76A8-4C2A-88D0-D32B94D2DD7A}.Release|x86.Build.0 = Release|Any CPU
		{75DE9844-3908-4151-B792-9DDAAB84049E}.Debug|Any CPU.ActiveCfg = Debug|Any CPU
		{75DE9844-3908-4151-B792-9DDAAB84049E}.Debug|Any CPU.Build.0 = Debug|Any CPU
		{75DE9844-3908-4151-B792-9DDAAB84049E}.Debug|Mixed Platforms.ActiveCfg = Debug|Any CPU
		{75DE9844-3908-4151-B792-9DDAAB84049E}.Debug|Mixed Platforms.Build.0 = Debug|Any CPU
		{75DE9844-3908-4151-B792-9DDAAB84049E}.Debug|x86.ActiveCfg = Debug|Any CPU
		{75DE9844-3908-4151-B792-9DDAAB84049E}.Debug|x86.Build.0 = Debug|Any CPU
		{75DE9844-3908-4151-B792-9DDAAB84049E}.Release|Any CPU.ActiveCfg = Release|Any CPU
		{75DE9844-3908-4151-B792-9DDAAB84049E}.Release|Any CPU.Build.0 = Release|Any CPU
		{75DE9844-3908-4151-B792-9DDAAB84049E}.Release|Mixed Platforms.ActiveCfg = Release|Any CPU
		{75DE9844-3908-4151-B792-9DDAAB84049E}.Release|Mixed Platforms.Build.0 = Release|Any CPU
		{75DE9844-3908-4151-B792-9DDAAB84049E}.Release|x86.ActiveCfg = Release|Any CPU
		{75DE9844-3908-4151-B792-9DDAAB84049E}.Release|x86.Build.0 = Release|Any CPU
		{538A1CFF-E4E6-4A34-8B0D-4D17EAD89995}.Debug|Any CPU.ActiveCfg = Debug|Any CPU
		{538A1CFF-E4E6-4A34-8B0D-4D17EAD89995}.Debug|Any CPU.Build.0 = Debug|Any CPU
		{538A1CFF-E4E6-4A34-8B0D-4D17EAD89995}.Debug|Mixed Platforms.ActiveCfg = Debug|Any CPU
		{538A1CFF-E4E6-4A34-8B0D-4D17EAD89995}.Debug|Mixed Platforms.Build.0 = Debug|Any CPU
		{538A1CFF-E4E6-4A34-8B0D-4D17EAD89995}.Debug|x86.ActiveCfg = Debug|Any CPU
		{538A1CFF-E4E6-4A34-8B0D-4D17EAD89995}.Debug|x86.Build.0 = Debug|Any CPU
		{538A1CFF-E4E6-4A34-8B0D-4D17EAD89995}.Release|Any CPU.ActiveCfg = Release|Any CPU
		{538A1CFF-E4E6-4A34-8B0D-4D17EAD89995}.Release|Any CPU.Build.0 = Release|Any CPU
		{538A1CFF-E4E6-4A34-8B0D-4D17EAD89995}.Release|Mixed Platforms.ActiveCfg = Release|Any CPU
		{538A1CFF-E4E6-4A34-8B0D-4D17EAD89995}.Release|Mixed Platforms.Build.0 = Release|Any CPU
		{538A1CFF-E4E6-4A34-8B0D-4D17EAD89995}.Release|x86.ActiveCfg = Release|Any CPU
		{538A1CFF-E4E6-4A34-8B0D-4D17EAD89995}.Release|x86.Build.0 = Release|Any CPU
		{3176A30D-CE85-4326-951D-0357870ABBA6}.Debug|Any CPU.ActiveCfg = Debug|Any CPU
		{3176A30D-CE85-4326-951D-0357870ABBA6}.Debug|Any CPU.Build.0 = Debug|Any CPU
		{3176A30D-CE85-4326-951D-0357870ABBA6}.Debug|Mixed Platforms.ActiveCfg = Debug|Any CPU
		{3176A30D-CE85-4326-951D-0357870ABBA6}.Debug|Mixed Platforms.Build.0 = Debug|Any CPU
		{3176A30D-CE85-4326-951D-0357870ABBA6}.Debug|x86.ActiveCfg = Debug|Any CPU
		{3176A30D-CE85-4326-951D-0357870ABBA6}.Debug|x86.Build.0 = Debug|Any CPU
		{3176A30D-CE85-4326-951D-0357870ABBA6}.Release|Any CPU.ActiveCfg = Release|Any CPU
		{3176A30D-CE85-4326-951D-0357870ABBA6}.Release|Any CPU.Build.0 = Release|Any CPU
		{3176A30D-CE85-4326-951D-0357870ABBA6}.Release|Mixed Platforms.ActiveCfg = Release|Any CPU
		{3176A30D-CE85-4326-951D-0357870ABBA6}.Release|Mixed Platforms.Build.0 = Release|Any CPU
		{3176A30D-CE85-4326-951D-0357870ABBA6}.Release|x86.ActiveCfg = Release|Any CPU
		{3176A30D-CE85-4326-951D-0357870ABBA6}.Release|x86.Build.0 = Release|Any CPU
		{5B2DDCA8-4EB0-4ED5-A2C0-19DA1137F869}.Debug|Any CPU.ActiveCfg = Debug|Any CPU
		{5B2DDCA8-4EB0-4ED5-A2C0-19DA1137F869}.Debug|Any CPU.Build.0 = Debug|Any CPU
		{5B2DDCA8-4EB0-4ED5-A2C0-19DA1137F869}.Debug|Mixed Platforms.ActiveCfg = Debug|Any CPU
		{5B2DDCA8-4EB0-4ED5-A2C0-19DA1137F869}.Debug|Mixed Platforms.Build.0 = Debug|Any CPU
		{5B2DDCA8-4EB0-4ED5-A2C0-19DA1137F869}.Debug|x86.ActiveCfg = Debug|Any CPU
		{5B2DDCA8-4EB0-4ED5-A2C0-19DA1137F869}.Debug|x86.Build.0 = Debug|Any CPU
		{5B2DDCA8-4EB0-4ED5-A2C0-19DA1137F869}.Release|Any CPU.ActiveCfg = Release|Any CPU
		{5B2DDCA8-4EB0-4ED5-A2C0-19DA1137F869}.Release|Any CPU.Build.0 = Release|Any CPU
		{5B2DDCA8-4EB0-4ED5-A2C0-19DA1137F869}.Release|Mixed Platforms.ActiveCfg = Release|Any CPU
		{5B2DDCA8-4EB0-4ED5-A2C0-19DA1137F869}.Release|Mixed Platforms.Build.0 = Release|Any CPU
		{5B2DDCA8-4EB0-4ED5-A2C0-19DA1137F869}.Release|x86.ActiveCfg = Release|Any CPU
		{5B2DDCA8-4EB0-4ED5-A2C0-19DA1137F869}.Release|x86.Build.0 = Release|Any CPU
		{8714349C-72A9-41B2-B885-48EEE88E9ADE}.Debug|Any CPU.ActiveCfg = Debug|Any CPU
		{8714349C-72A9-41B2-B885-48EEE88E9ADE}.Debug|Any CPU.Build.0 = Debug|Any CPU
		{8714349C-72A9-41B2-B885-48EEE88E9ADE}.Debug|Mixed Platforms.ActiveCfg = Debug|Any CPU
		{8714349C-72A9-41B2-B885-48EEE88E9ADE}.Debug|Mixed Platforms.Build.0 = Debug|Any CPU
		{8714349C-72A9-41B2-B885-48EEE88E9ADE}.Debug|x86.ActiveCfg = Debug|Any CPU
		{8714349C-72A9-41B2-B885-48EEE88E9ADE}.Debug|x86.Build.0 = Debug|Any CPU
		{8714349C-72A9-41B2-B885-48EEE88E9ADE}.Release|Any CPU.ActiveCfg = Release|Any CPU
		{8714349C-72A9-41B2-B885-48EEE88E9ADE}.Release|Any CPU.Build.0 = Release|Any CPU
		{8714349C-72A9-41B2-B885-48EEE88E9ADE}.Release|Mixed Platforms.ActiveCfg = Release|Any CPU
		{8714349C-72A9-41B2-B885-48EEE88E9ADE}.Release|Mixed Platforms.Build.0 = Release|Any CPU
		{8714349C-72A9-41B2-B885-48EEE88E9ADE}.Release|x86.ActiveCfg = Release|Any CPU
		{8714349C-72A9-41B2-B885-48EEE88E9ADE}.Release|x86.Build.0 = Release|Any CPU
		{768AF4B8-5EDD-4196-97AE-DBC1589DD426}.Debug|Any CPU.ActiveCfg = Debug|Any CPU
		{768AF4B8-5EDD-4196-97AE-DBC1589DD426}.Debug|Any CPU.Build.0 = Debug|Any CPU
		{768AF4B8-5EDD-4196-97AE-DBC1589DD426}.Debug|Mixed Platforms.ActiveCfg = Debug|Any CPU
		{768AF4B8-5EDD-4196-97AE-DBC1589DD426}.Debug|Mixed Platforms.Build.0 = Debug|Any CPU
		{768AF4B8-5EDD-4196-97AE-DBC1589DD426}.Debug|x86.ActiveCfg = Debug|Any CPU
		{768AF4B8-5EDD-4196-97AE-DBC1589DD426}.Debug|x86.Build.0 = Debug|Any CPU
		{768AF4B8-5EDD-4196-97AE-DBC1589DD426}.Release|Any CPU.ActiveCfg = Release|Any CPU
		{768AF4B8-5EDD-4196-97AE-DBC1589DD426}.Release|Any CPU.Build.0 = Release|Any CPU
		{768AF4B8-5EDD-4196-97AE-DBC1589DD426}.Release|Mixed Platforms.ActiveCfg = Release|Any CPU
		{768AF4B8-5EDD-4196-97AE-DBC1589DD426}.Release|Mixed Platforms.Build.0 = Release|Any CPU
		{768AF4B8-5EDD-4196-97AE-DBC1589DD426}.Release|x86.ActiveCfg = Release|Any CPU
		{768AF4B8-5EDD-4196-97AE-DBC1589DD426}.Release|x86.Build.0 = Release|Any CPU
		{D0C39D9D-BED0-418B-9A5E-713176CAF40C}.Debug|Any CPU.ActiveCfg = Debug|Any CPU
		{D0C39D9D-BED0-418B-9A5E-713176CAF40C}.Debug|Any CPU.Build.0 = Debug|Any CPU
		{D0C39D9D-BED0-418B-9A5E-713176CAF40C}.Debug|Mixed Platforms.ActiveCfg = Debug|Any CPU
		{D0C39D9D-BED0-418B-9A5E-713176CAF40C}.Debug|Mixed Platforms.Build.0 = Debug|Any CPU
		{D0C39D9D-BED0-418B-9A5E-713176CAF40C}.Debug|x86.ActiveCfg = Debug|Any CPU
		{D0C39D9D-BED0-418B-9A5E-713176CAF40C}.Debug|x86.Build.0 = Debug|Any CPU
		{D0C39D9D-BED0-418B-9A5E-713176CAF40C}.Release|Any CPU.ActiveCfg = Release|Any CPU
		{D0C39D9D-BED0-418B-9A5E-713176CAF40C}.Release|Any CPU.Build.0 = Release|Any CPU
		{D0C39D9D-BED0-418B-9A5E-713176CAF40C}.Release|Mixed Platforms.ActiveCfg = Release|Any CPU
		{D0C39D9D-BED0-418B-9A5E-713176CAF40C}.Release|Mixed Platforms.Build.0 = Release|Any CPU
		{D0C39D9D-BED0-418B-9A5E-713176CAF40C}.Release|x86.ActiveCfg = Release|Any CPU
		{D0C39D9D-BED0-418B-9A5E-713176CAF40C}.Release|x86.Build.0 = Release|Any CPU
		{E06DEF77-F933-42FB-AFD7-DB2D0D8D6A98}.Debug|Any CPU.ActiveCfg = Debug|Any CPU
		{E06DEF77-F933-42FB-AFD7-DB2D0D8D6A98}.Debug|Any CPU.Build.0 = Debug|Any CPU
		{E06DEF77-F933-42FB-AFD7-DB2D0D8D6A98}.Debug|Mixed Platforms.ActiveCfg = Debug|Any CPU
		{E06DEF77-F933-42FB-AFD7-DB2D0D8D6A98}.Debug|Mixed Platforms.Build.0 = Debug|Any CPU
		{E06DEF77-F933-42FB-AFD7-DB2D0D8D6A98}.Debug|x86.ActiveCfg = Debug|Any CPU
		{E06DEF77-F933-42FB-AFD7-DB2D0D8D6A98}.Debug|x86.Build.0 = Debug|Any CPU
		{E06DEF77-F933-42FB-AFD7-DB2D0D8D6A98}.Release|Any CPU.ActiveCfg = Release|Any CPU
		{E06DEF77-F933-42FB-AFD7-DB2D0D8D6A98}.Release|Any CPU.Build.0 = Release|Any CPU
		{E06DEF77-F933-42FB-AFD7-DB2D0D8D6A98}.Release|Mixed Platforms.ActiveCfg = Release|Any CPU
		{E06DEF77-F933-42FB-AFD7-DB2D0D8D6A98}.Release|Mixed Platforms.Build.0 = Release|Any CPU
		{E06DEF77-F933-42FB-AFD7-DB2D0D8D6A98}.Release|x86.ActiveCfg = Release|Any CPU
		{E06DEF77-F933-42FB-AFD7-DB2D0D8D6A98}.Release|x86.Build.0 = Release|Any CPU
		{644FE7D4-0184-400F-B2D7-99CB41360658}.Debug|Any CPU.ActiveCfg = Debug|Any CPU
		{644FE7D4-0184-400F-B2D7-99CB41360658}.Debug|Any CPU.Build.0 = Debug|Any CPU
		{644FE7D4-0184-400F-B2D7-99CB41360658}.Debug|Mixed Platforms.ActiveCfg = Debug|Any CPU
		{644FE7D4-0184-400F-B2D7-99CB41360658}.Debug|Mixed Platforms.Build.0 = Debug|Any CPU
		{644FE7D4-0184-400F-B2D7-99CB41360658}.Debug|x86.ActiveCfg = Debug|Any CPU
		{644FE7D4-0184-400F-B2D7-99CB41360658}.Debug|x86.Build.0 = Debug|Any CPU
		{644FE7D4-0184-400F-B2D7-99CB41360658}.Release|Any CPU.ActiveCfg = Release|Any CPU
		{644FE7D4-0184-400F-B2D7-99CB41360658}.Release|Any CPU.Build.0 = Release|Any CPU
		{644FE7D4-0184-400F-B2D7-99CB41360658}.Release|Mixed Platforms.ActiveCfg = Release|Any CPU
		{644FE7D4-0184-400F-B2D7-99CB41360658}.Release|Mixed Platforms.Build.0 = Release|Any CPU
		{644FE7D4-0184-400F-B2D7-99CB41360658}.Release|x86.ActiveCfg = Release|Any CPU
		{644FE7D4-0184-400F-B2D7-99CB41360658}.Release|x86.Build.0 = Release|Any CPU
		{6EFD5895-177B-4BBB-AF52-29F4D53B3FBD}.Debug|Any CPU.ActiveCfg = Debug|Any CPU
		{6EFD5895-177B-4BBB-AF52-29F4D53B3FBD}.Debug|Any CPU.Build.0 = Debug|Any CPU
		{6EFD5895-177B-4BBB-AF52-29F4D53B3FBD}.Debug|Mixed Platforms.ActiveCfg = Debug|Any CPU
		{6EFD5895-177B-4BBB-AF52-29F4D53B3FBD}.Debug|Mixed Platforms.Build.0 = Debug|Any CPU
		{6EFD5895-177B-4BBB-AF52-29F4D53B3FBD}.Debug|x86.ActiveCfg = Debug|Any CPU
		{6EFD5895-177B-4BBB-AF52-29F4D53B3FBD}.Debug|x86.Build.0 = Debug|Any CPU
		{6EFD5895-177B-4BBB-AF52-29F4D53B3FBD}.Release|Any CPU.ActiveCfg = Release|Any CPU
		{6EFD5895-177B-4BBB-AF52-29F4D53B3FBD}.Release|Any CPU.Build.0 = Release|Any CPU
		{6EFD5895-177B-4BBB-AF52-29F4D53B3FBD}.Release|Mixed Platforms.ActiveCfg = Release|Any CPU
		{6EFD5895-177B-4BBB-AF52-29F4D53B3FBD}.Release|Mixed Platforms.Build.0 = Release|Any CPU
		{6EFD5895-177B-4BBB-AF52-29F4D53B3FBD}.Release|x86.ActiveCfg = Release|Any CPU
		{6EFD5895-177B-4BBB-AF52-29F4D53B3FBD}.Release|x86.Build.0 = Release|Any CPU
		{08FD88C1-418B-4376-806D-F3ED46BA3C0C}.Debug|Any CPU.ActiveCfg = Debug|Any CPU
		{08FD88C1-418B-4376-806D-F3ED46BA3C0C}.Debug|Any CPU.Build.0 = Debug|Any CPU
		{08FD88C1-418B-4376-806D-F3ED46BA3C0C}.Debug|Mixed Platforms.ActiveCfg = Debug|Any CPU
		{08FD88C1-418B-4376-806D-F3ED46BA3C0C}.Debug|Mixed Platforms.Build.0 = Debug|Any CPU
		{08FD88C1-418B-4376-806D-F3ED46BA3C0C}.Debug|x86.ActiveCfg = Debug|Any CPU
		{08FD88C1-418B-4376-806D-F3ED46BA3C0C}.Debug|x86.Build.0 = Debug|Any CPU
		{08FD88C1-418B-4376-806D-F3ED46BA3C0C}.Release|Any CPU.ActiveCfg = Release|Any CPU
		{08FD88C1-418B-4376-806D-F3ED46BA3C0C}.Release|Any CPU.Build.0 = Release|Any CPU
		{08FD88C1-418B-4376-806D-F3ED46BA3C0C}.Release|Mixed Platforms.ActiveCfg = Release|Any CPU
		{08FD88C1-418B-4376-806D-F3ED46BA3C0C}.Release|Mixed Platforms.Build.0 = Release|Any CPU
		{08FD88C1-418B-4376-806D-F3ED46BA3C0C}.Release|x86.ActiveCfg = Release|Any CPU
		{08FD88C1-418B-4376-806D-F3ED46BA3C0C}.Release|x86.Build.0 = Release|Any CPU
		{561B8D01-3848-40A7-BC2E-EBAA85F85724}.Debug|Any CPU.ActiveCfg = Debug|Any CPU
		{561B8D01-3848-40A7-BC2E-EBAA85F85724}.Debug|Any CPU.Build.0 = Debug|Any CPU
		{561B8D01-3848-40A7-BC2E-EBAA85F85724}.Debug|Mixed Platforms.ActiveCfg = Debug|Any CPU
		{561B8D01-3848-40A7-BC2E-EBAA85F85724}.Debug|Mixed Platforms.Build.0 = Debug|Any CPU
		{561B8D01-3848-40A7-BC2E-EBAA85F85724}.Debug|x86.ActiveCfg = Debug|Any CPU
		{561B8D01-3848-40A7-BC2E-EBAA85F85724}.Debug|x86.Build.0 = Debug|Any CPU
		{561B8D01-3848-40A7-BC2E-EBAA85F85724}.Release|Any CPU.ActiveCfg = Release|Any CPU
		{561B8D01-3848-40A7-BC2E-EBAA85F85724}.Release|Any CPU.Build.0 = Release|Any CPU
		{561B8D01-3848-40A7-BC2E-EBAA85F85724}.Release|Mixed Platforms.ActiveCfg = Release|Any CPU
		{561B8D01-3848-40A7-BC2E-EBAA85F85724}.Release|Mixed Platforms.Build.0 = Release|Any CPU
		{561B8D01-3848-40A7-BC2E-EBAA85F85724}.Release|x86.ActiveCfg = Release|Any CPU
		{561B8D01-3848-40A7-BC2E-EBAA85F85724}.Release|x86.Build.0 = Release|Any CPU
		{20544025-5E15-45D2-8453-38563D988C9F}.Debug|Any CPU.ActiveCfg = Debug|Any CPU
		{20544025-5E15-45D2-8453-38563D988C9F}.Debug|Any CPU.Build.0 = Debug|Any CPU
		{20544025-5E15-45D2-8453-38563D988C9F}.Debug|Mixed Platforms.ActiveCfg = Debug|Any CPU
		{20544025-5E15-45D2-8453-38563D988C9F}.Debug|Mixed Platforms.Build.0 = Debug|Any CPU
		{20544025-5E15-45D2-8453-38563D988C9F}.Debug|x86.ActiveCfg = Debug|Any CPU
		{20544025-5E15-45D2-8453-38563D988C9F}.Debug|x86.Build.0 = Debug|Any CPU
		{20544025-5E15-45D2-8453-38563D988C9F}.Release|Any CPU.ActiveCfg = Release|Any CPU
		{20544025-5E15-45D2-8453-38563D988C9F}.Release|Any CPU.Build.0 = Release|Any CPU
		{20544025-5E15-45D2-8453-38563D988C9F}.Release|Mixed Platforms.ActiveCfg = Release|Any CPU
		{20544025-5E15-45D2-8453-38563D988C9F}.Release|Mixed Platforms.Build.0 = Release|Any CPU
		{20544025-5E15-45D2-8453-38563D988C9F}.Release|x86.ActiveCfg = Release|Any CPU
		{20544025-5E15-45D2-8453-38563D988C9F}.Release|x86.Build.0 = Release|Any CPU
		{B4827A14-7582-44F9-9BEE-F081210BD7FC}.Debug|Any CPU.ActiveCfg = Debug|Any CPU
		{B4827A14-7582-44F9-9BEE-F081210BD7FC}.Debug|Any CPU.Build.0 = Debug|Any CPU
		{B4827A14-7582-44F9-9BEE-F081210BD7FC}.Debug|Mixed Platforms.ActiveCfg = Debug|Any CPU
		{B4827A14-7582-44F9-9BEE-F081210BD7FC}.Debug|Mixed Platforms.Build.0 = Debug|Any CPU
		{B4827A14-7582-44F9-9BEE-F081210BD7FC}.Debug|x86.ActiveCfg = Debug|Any CPU
		{B4827A14-7582-44F9-9BEE-F081210BD7FC}.Debug|x86.Build.0 = Debug|Any CPU
		{B4827A14-7582-44F9-9BEE-F081210BD7FC}.Release|Any CPU.ActiveCfg = Release|Any CPU
		{B4827A14-7582-44F9-9BEE-F081210BD7FC}.Release|Any CPU.Build.0 = Release|Any CPU
		{B4827A14-7582-44F9-9BEE-F081210BD7FC}.Release|Mixed Platforms.ActiveCfg = Release|Any CPU
		{B4827A14-7582-44F9-9BEE-F081210BD7FC}.Release|Mixed Platforms.Build.0 = Release|Any CPU
		{B4827A14-7582-44F9-9BEE-F081210BD7FC}.Release|x86.ActiveCfg = Release|Any CPU
		{B4827A14-7582-44F9-9BEE-F081210BD7FC}.Release|x86.Build.0 = Release|Any CPU
		{58531D9F-9C81-4E03-81B3-B5C06B6680AF}.Debug|Any CPU.ActiveCfg = Debug|Any CPU
		{58531D9F-9C81-4E03-81B3-B5C06B6680AF}.Debug|Any CPU.Build.0 = Debug|Any CPU
		{58531D9F-9C81-4E03-81B3-B5C06B6680AF}.Debug|Mixed Platforms.ActiveCfg = Debug|Any CPU
		{58531D9F-9C81-4E03-81B3-B5C06B6680AF}.Debug|Mixed Platforms.Build.0 = Debug|Any CPU
		{58531D9F-9C81-4E03-81B3-B5C06B6680AF}.Debug|x86.ActiveCfg = Debug|Any CPU
		{58531D9F-9C81-4E03-81B3-B5C06B6680AF}.Debug|x86.Build.0 = Debug|Any CPU
		{58531D9F-9C81-4E03-81B3-B5C06B6680AF}.Release|Any CPU.ActiveCfg = Release|Any CPU
		{58531D9F-9C81-4E03-81B3-B5C06B6680AF}.Release|Any CPU.Build.0 = Release|Any CPU
		{58531D9F-9C81-4E03-81B3-B5C06B6680AF}.Release|Mixed Platforms.ActiveCfg = Release|Any CPU
		{58531D9F-9C81-4E03-81B3-B5C06B6680AF}.Release|Mixed Platforms.Build.0 = Release|Any CPU
		{58531D9F-9C81-4E03-81B3-B5C06B6680AF}.Release|x86.ActiveCfg = Release|Any CPU
		{58531D9F-9C81-4E03-81B3-B5C06B6680AF}.Release|x86.Build.0 = Release|Any CPU
		{08B00DA9-A871-4701-ABB2-057A9CF4456D}.Debug|Any CPU.ActiveCfg = Debug|Any CPU
		{08B00DA9-A871-4701-ABB2-057A9CF4456D}.Debug|Any CPU.Build.0 = Debug|Any CPU
		{08B00DA9-A871-4701-ABB2-057A9CF4456D}.Debug|Mixed Platforms.ActiveCfg = Debug|Any CPU
		{08B00DA9-A871-4701-ABB2-057A9CF4456D}.Debug|Mixed Platforms.Build.0 = Debug|Any CPU
		{08B00DA9-A871-4701-ABB2-057A9CF4456D}.Debug|x86.ActiveCfg = Debug|Any CPU
		{08B00DA9-A871-4701-ABB2-057A9CF4456D}.Debug|x86.Build.0 = Debug|Any CPU
		{08B00DA9-A871-4701-ABB2-057A9CF4456D}.Release|Any CPU.ActiveCfg = Release|Any CPU
		{08B00DA9-A871-4701-ABB2-057A9CF4456D}.Release|Any CPU.Build.0 = Release|Any CPU
		{08B00DA9-A871-4701-ABB2-057A9CF4456D}.Release|Mixed Platforms.ActiveCfg = Release|Any CPU
		{08B00DA9-A871-4701-ABB2-057A9CF4456D}.Release|Mixed Platforms.Build.0 = Release|Any CPU
		{08B00DA9-A871-4701-ABB2-057A9CF4456D}.Release|x86.ActiveCfg = Release|Any CPU
		{08B00DA9-A871-4701-ABB2-057A9CF4456D}.Release|x86.Build.0 = Release|Any CPU
	EndGlobalSection
	GlobalSection(SolutionProperties) = preSolution
		HideSolutionNode = FALSE
	EndGlobalSection
	GlobalSection(NestedProjects) = preSolution
		{538A1CFF-E4E6-4A34-8B0D-4D17EAD89995} = {07180975-68C7-4FE4-8865-13926013E64A}
		{C09D8C6A-45B1-491C-894E-0646FA310D42} = {07180975-68C7-4FE4-8865-13926013E64A}
		{D0C39D9D-BED0-418B-9A5E-713176CAF40C} = {C09D8C6A-45B1-491C-894E-0646FA310D42}
		{E06DEF77-F933-42FB-AFD7-DB2D0D8D6A98} = {C09D8C6A-45B1-491C-894E-0646FA310D42}
		{644FE7D4-0184-400F-B2D7-99CB41360658} = {C09D8C6A-45B1-491C-894E-0646FA310D42}
		{6EFD5895-177B-4BBB-AF52-29F4D53B3FBD} = {07180975-68C7-4FE4-8865-13926013E64A}
		{08FD88C1-418B-4376-806D-F3ED46BA3C0C} = {07180975-68C7-4FE4-8865-13926013E64A}
	EndGlobalSection
	GlobalSection(ExtensibilityGlobals) = postSolution
		SolutionGuid = {E02D4A1D-19FC-4CFE-9DF7-F380FA64DA8B}
	EndGlobalSection
EndGlobal
