
Microsoft Visual Studio Solution File, Format Version 12.00
# Visual Studio Version 16
VisualStudioVersion = 16.0.30320.27
MinimumVisualStudioVersion = 10.0.40219.1
Project("{FAE04EC0-301F-11D3-BF4B-00C04F79EFBC}") = "MediaPlayer.MkZ", "MediaPlayer.MkZ\MediaPlayer.MkZ.csproj", "{561B8D01-3848-40A7-BC2E-EBAA85F85724}"
EndProject
Project("{FAE04EC0-301F-11D3-BF4B-00C04F79EFBC}") = "Framework.MkZ", "..\Framework.MkZ\Framework.MkZ\Framework.MkZ.csproj", "{768AF4B8-5EDD-4196-97AE-DBC1589DD426}"
EndProject
Project("{FAE04EC0-301F-11D3-BF4B-00C04F79EFBC}") = "TestWpfCursor", "TestWpfCursor\TestWpfCursor.csproj", "{EF64D07E-8EF2-481C-A4D6-A5BA7691A59C}"
EndProject
Global
	GlobalSection(SolutionConfigurationPlatforms) = preSolution
		Debug|Any CPU = Debug|Any CPU
		Release|Any CPU = Release|Any CPU
	EndGlobalSection
	GlobalSection(ProjectConfigurationPlatforms) = postSolution
		{561B8D01-3848-40A7-BC2E-EBAA85F85724}.Debug|Any CPU.ActiveCfg = Debug|Any CPU
		{561B8D01-3848-40A7-BC2E-EBAA85F85724}.Debug|Any CPU.Build.0 = Debug|Any CPU
		{561B8D01-3848-40A7-BC2E-EBAA85F85724}.Release|Any CPU.ActiveCfg = Release|Any CPU
		{561B8D01-3848-40A7-BC2E-EBAA85F85724}.Release|Any CPU.Build.0 = Release|Any CPU
		{768AF4B8-5EDD-4196-97AE-DBC1589DD426}.Debug|Any CPU.ActiveCfg = Debug|Any CPU
		{768AF4B8-5EDD-4196-97AE-DBC1589DD426}.Debug|Any CPU.Build.0 = Debug|Any CPU
		{768AF4B8-5EDD-4196-97AE-DBC1589DD426}.Release|Any CPU.ActiveCfg = Release|Any CPU
		{768AF4B8-5EDD-4196-97AE-DBC1589DD426}.Release|Any CPU.Build.0 = Release|Any CPU
		{EF64D07E-8EF2-481C-A4D6-A5BA7691A59C}.Debug|Any CPU.ActiveCfg = Debug|Any CPU
		{EF64D07E-8EF2-481C-A4D6-A5BA7691A59C}.Debug|Any CPU.Build.0 = Debug|Any CPU
		{EF64D07E-8EF2-481C-A4D6-A5BA7691A59C}.Release|Any CPU.ActiveCfg = Release|Any CPU
		{EF64D07E-8EF2-481C-A4D6-A5BA7691A59C}.Release|Any CPU.Build.0 = Release|Any CPU
	EndGlobalSection
	GlobalSection(SolutionProperties) = preSolution
		HideSolutionNode = FALSE
	EndGlobalSection
	GlobalSection(ExtensibilityGlobals) = postSolution
		SolutionGuid = {04022F2F-BF44-423A-9A66-F1FD20DA6D4D}
	EndGlobalSection
EndGlobal
