
Microsoft Visual Studio Solution File, Format Version 10.00
# Visual Studio 2008
Project("{FAE04EC0-301F-11D3-BF4B-00C04F79EFBC}") = "WinFFAvi", "WinFFAvi.csproj", "{4C9F844B-6D33-4B65-8F04-A6B18CC014C3}"
EndProject
Global
	GlobalSection(SolutionConfigurationPlatforms) = preSolution
		Debug|Any CPU = Debug|Any CPU
		Release|Any CPU = Release|Any CPU
	EndGlobalSection
	GlobalSection(ProjectConfigurationPlatforms) = postSolution
		{4C9F844B-6D33-4B65-8F04-A6B18CC014C3}.Debug|Any CPU.ActiveCfg = Debug|Any CPU
		{4C9F844B-6D33-4B65-8F04-A6B18CC014C3}.Debug|Any CPU.Build.0 = Debug|Any CPU
		{4C9F844B-6D33-4B65-8F04-A6B18CC014C3}.Release|Any CPU.ActiveCfg = Release|Any CPU
		{4C9F844B-6D33-4B65-8F04-A6B18CC014C3}.Release|Any CPU.Build.0 = Release|Any CPU
	EndGlobalSection
	GlobalSection(SolutionProperties) = preSolution
		HideSolutionNode = FALSE
	EndGlobalSection
EndGlobal
